{
  "nodes": {
    "flake-utils": {
      "locked": {
        "lastModified": 1676283394,
        "narHash": "sha256-XX2f9c3iySLCw54rJ/CZs+ZK6IQy7GXNY4nSOyu2QG4=",
        "owner": "numtide",
        "repo": "flake-utils",
        "rev": "3db36a8b464d0c4532ba1c7dda728f4576d6d073",
        "type": "github"
      },
      "original": {
        "owner": "numtide",
        "repo": "flake-utils",
        "type": "github"
      }
    },
    "flake-utils_2": {
      "locked": {
        "lastModified": 1667395993,
        "narHash": "sha256-nuEHfE/LcWyuSWnS8t12N1wc105Qtau+/OdUAjtQ0rA=",
        "owner": "numtide",
        "repo": "flake-utils",
        "rev": "5aed5285a952e0b949eb3ba02c12fa4fcfef535f",
        "type": "github"
      },
      "original": {
        "owner": "numtide",
        "repo": "flake-utils",
        "type": "github"
      }
    },
    "gitsigns-nvim": {
      "flake": false,
      "locked": {
        "lastModified": 1678101659,
        "narHash": "sha256-kRa1dO49Z1fYqaFvUmvHEnYXdYvVp5iEEswkuNl9yQA=",
        "owner": "lewis6991",
        "repo": "gitsigns.nvim",
        "rev": "b1f9cf7c5c5639c006c937fc1819e09f358210fc",
        "type": "github"
      },
      "original": {
        "owner": "lewis6991",
        "repo": "gitsigns.nvim",
        "type": "github"
      }
    },
    "lazy-nvim": {
      "flake": false,
      "locked": {
        "lastModified": 1678212816,
        "narHash": "sha256-rWuqJ4jQ2+VnAUP0GAMMxomDj55Kcqgh7OS/O1qZiH0=",
        "owner": "folke",
        "repo": "lazy.nvim",
        "rev": "5b4444f0d7e556deba3f7ca949a2ba0e2c3369fb",
        "type": "github"
      },
      "original": {
        "owner": "folke",
        "repo": "lazy.nvim",
        "type": "github"
      }
    },
    "neovim-nightly": {
      "inputs": {
        "flake-utils": "flake-utils_2",
        "nixpkgs": [
          "nixpkgs-neovim-nightly"
        ]
      },
      "locked": {
        "dir": "contrib",
        "lastModified": 1678510047,
        "narHash": "sha256-ZZIPeeo2NH/TFRpNjRpw0kFH0RMImaWNejMi1qSFSpo=",
        "owner": "neovim",
        "repo": "neovim",
        "rev": "a7cd79349c97f623955f4a5cf84921ca8ab9ea42",
        "type": "github"
      },
      "original": {
        "dir": "contrib",
        "owner": "neovim",
        "ref": "nightly",
        "repo": "neovim",
        "type": "github"
      }
    },
    "nixpkgs": {
      "locked": {
        "lastModified": 1678470307,
        "narHash": "sha256-OEeMUr3ueLIXyW/OaFUX5jUdimyQwMg/7e+/Q0gC/QE=",
        "owner": "nixos",
        "repo": "nixpkgs",
        "rev": "0c4800d579af4ed98ecc47d464a5e7b0870c4b1f",
        "type": "github"
      },
      "original": {
        "owner": "nixos",
        "ref": "nixos-unstable",
        "repo": "nixpkgs",
        "type": "github"
      }
    },
    "nixpkgs-neovim-nightly": {
      "locked": {
        "lastModified": 1671983799,
        "narHash": "sha256-Z2Ro6hFPZHkBqkVXY5/aBUzxi5xizQGvuHQ9+T5B/ks=",
        "owner": "nixos",
        "repo": "nixpkgs",
        "rev": "fad51abd42ca17a60fc1d4cb9382e2d79ae31836",
        "type": "github"
      },
      "original": {
        "owner": "nixos",
        "repo": "nixpkgs",
        "rev": "fad51abd42ca17a60fc1d4cb9382e2d79ae31836",
        "type": "github"
      }
    },
    "root": {
      "inputs": {
        "flake-utils": "flake-utils",
        "gitsigns-nvim": "gitsigns-nvim",
        "lazy-nvim": "lazy-nvim",
        "neovim-nightly": "neovim-nightly",
        "nixpkgs": "nixpkgs",
        "nixpkgs-neovim-nightly": "nixpkgs-neovim-nightly",
        "rose-pine": "rose-pine",
        "tokyonight-nvim": "tokyonight-nvim"
      }
    },
    "rose-pine": {
      "flake": false,
      "locked": {
        "lastModified": 1678386153,
        "narHash": "sha256-uFbnxx+Ryz+zTA4u/24c+fhFlWid6JLqwUEMbyaHBdU=",
        "owner": "rose-pine",
        "repo": "neovim",
        "rev": "63821c18a2840b3172fc5df15d9268d80f46fa17",
        "type": "github"
      },
      "original": {
        "owner": "rose-pine",
        "repo": "neovim",
        "type": "github"
      }
    },
    "tokyonight-nvim": {
      "flake": false,
      "locked": {
        "lastModified": 1678281171,
        "narHash": "sha256-yX8N4R4Qn1SWYonlA/gdK6z6oYJqs9rfsYarbjUwOJo=",
        "owner": "folke",
        "repo": "tokyonight.nvim",
        "rev": "3ebc29df627c5cf70eb6acb8f0843c9ea9cf6348",
        "type": "github"
      },
      "original": {
        "owner": "folke",
        "repo": "tokyonight.nvim",
        "type": "github"
      }
    }
  },
  "root": "root",
  "version": 7
}
