{
  "nodes": {
    "nixpkgs": {
      "locked": {
        "lastModified": 1689150988,
        "narHash": "sha256-Ue5BvtYYszqzX4ONWjgj6pnazCbOzdRBfLIx8l1Wa1w=",
        "owner": "nixos",
        "repo": "nixpkgs",
        "rev": "bec27fabee7ff51a4788840479b1730ed1b64427",
        "type": "github"
      },
      "original": {
        "owner": "nixos",
        "repo": "nixpkgs",
        "type": "github"
      }
    },
    "root": {
      "inputs": {
        "nixpkgs": "nixpkgs"
      }
    }
  },
  "root": "root",
  "version": 7
}
