{
  "nodes": {
    "nixpkgs": {
      "locked": {
        "lastModified": 1713689505,
        "narHash": "sha256-NzPJLhOg1uKfRyWVbnmyUpyhLAfEszO8fkrsYiIrVnU=",
        "owner": "nixos",
        "repo": "nixpkgs",
        "rev": "eaf5ec98fe5bd102e1ec6b64df192e4fba6d6a32",
        "type": "github"
      },
      "original": {
        "owner": "nixos",
        "repo": "nixpkgs",
        "type": "github"
      }
    },
    "root": {
      "inputs": {
        "nixpkgs": "nixpkgs"
      }
    }
  },
  "root": "root",
  "version": 7
}
